
Microsoft Visual Studio Solution File, Format Version 12.00
# Visual Studio Version 17
VisualStudioVersion = 17.3.32901.215
MinimumVisualStudioVersion = 10.0.40219.1
Project("{8BC9CEB8-8B4A-11D0-8D11-00A0C91BC942}") = "AstroEngine", "AstroEngine.vcxproj", "{3005252A-54A5-42F1-B4EB-71F87128CE73}"
EndProject
Global
	GlobalSection(SolutionConfigurationPlatforms) = preSolution
		Debug|x64 = Debug|x64
		Debug|x86 = Debug|x86
		Release|x64 = Release|x64
		Release|x86 = Release|x86
	EndGlobalSection
	GlobalSection(ProjectConfigurationPlatforms) = postSolution
		{3005252A-54A5-42F1-B4EB-71F87128CE73}.Debug|x64.ActiveCfg = Debug|x64
		{3005252A-54A5-42F1-B4EB-71F87128CE73}.Debug|x64.Build.0 = Debug|x64
		{3005252A-54A5-42F1-B4EB-71F87128CE73}.Debug|x86.ActiveCfg = Debug|Win32
		{3005252A-54A5-42F1-B4EB-71F87128CE73}.Debug|x86.Build.0 = Debug|Win32
		{3005252A-54A5-42F1-B4EB-71F87128CE73}.Release|x64.ActiveCfg = Release|x64
		{3005252A-54A5-42F1-B4EB-71F87128CE73}.Release|x64.Build.0 = Release|x64
		{3005252A-54A5-42F1-B4EB-71F87128CE73}.Release|x86.ActiveCfg = Release|Win32
		{3005252A-54A5-42F1-B4EB-71F87128CE73}.Release|x86.Build.0 = Release|Win32
	EndGlobalSection
	GlobalSection(SolutionProperties) = preSolution
		HideSolutionNode = FALSE
	EndGlobalSection
	GlobalSection(ExtensibilityGlobals) = postSolution
		SolutionGuid = {E2E6D173-5551-46B1-B292-C832FE71506E}
	EndGlobalSection
EndGlobal
